
Microsoft Visual Studio Solution File, Format Version 12.00
# Visual Studio Version 16
VisualStudioVersion = 16.0.30621.155
MinimumVisualStudioVersion = 10.0.40219.1
Project("{9A19103F-16F7-4668-BE54-9A1E7A4F7556}") = "Base", "..\Base\Base\Base.csproj", "{B6B3FA51-673F-4408-A1AD-108C87C6389F}"
EndProject
Project("{9A19103F-16F7-4668-BE54-9A1E7A4F7556}") = "BaseWeb", "..\Base\BaseWeb\BaseWeb.csproj", "{66D4A6B8-D92D-4204-8DE7-358A0BB6F1BA}"
EndProject
Project("{9A19103F-16F7-4668-BE54-9A1E7A4F7556}") = "BaoApi", "BaoApi.csproj", "{E9A4C1B7-9DCB-453F-A7B0-340CAC148536}"
EndProject
Project("{9A19103F-16F7-4668-BE54-9A1E7A4F7556}") = "BaseApi", "..\Base\BaseApi\BaseApi.csproj", "{852AB9AF-0F72-49B8-8745-85A002B7FFBC}"
EndProject
Project("{9A19103F-16F7-4668-BE54-9A1E7A4F7556}") = "BaoCust", "..\BaoCust\BaoCust.csproj", "{107E119E-4CF3-46F3-83D7-3F3B3CD57562}"
EndProject
Project("{9A19103F-16F7-4668-BE54-9A1E7A4F7556}") = "BaoAdm", "..\BaoAdm\BaoAdm.csproj", "{59778440-AA6D-4D6A-A1CA-1F907CCFA3FC}"
EndProject
Project("{9A19103F-16F7-4668-BE54-9A1E7A4F7556}") = "BaoCron", "..\BaoCron\BaoCron.csproj", "{8429F0E4-270B-4FED-AB9B-422CF62E6AAC}"
EndProject
Project("{FAE04EC0-301F-11D3-BF4B-00C04F79EFBC}") = "BaoLib", "..\BaoLib\BaoLib.csproj", "{B66EEFBA-DFF9-4047-9E7F-B86BC7D26B71}"
EndProject
Global
	GlobalSection(SolutionConfigurationPlatforms) = preSolution
		Debug|Any CPU = Debug|Any CPU
		Release|Any CPU = Release|Any CPU
	EndGlobalSection
	GlobalSection(ProjectConfigurationPlatforms) = postSolution
		{B6B3FA51-673F-4408-A1AD-108C87C6389F}.Debug|Any CPU.ActiveCfg = Debug|Any CPU
		{B6B3FA51-673F-4408-A1AD-108C87C6389F}.Debug|Any CPU.Build.0 = Debug|Any CPU
		{B6B3FA51-673F-4408-A1AD-108C87C6389F}.Release|Any CPU.ActiveCfg = Release|Any CPU
		{B6B3FA51-673F-4408-A1AD-108C87C6389F}.Release|Any CPU.Build.0 = Release|Any CPU
		{66D4A6B8-D92D-4204-8DE7-358A0BB6F1BA}.Debug|Any CPU.ActiveCfg = Debug|Any CPU
		{66D4A6B8-D92D-4204-8DE7-358A0BB6F1BA}.Debug|Any CPU.Build.0 = Debug|Any CPU
		{66D4A6B8-D92D-4204-8DE7-358A0BB6F1BA}.Release|Any CPU.ActiveCfg = Release|Any CPU
		{66D4A6B8-D92D-4204-8DE7-358A0BB6F1BA}.Release|Any CPU.Build.0 = Release|Any CPU
		{E9A4C1B7-9DCB-453F-A7B0-340CAC148536}.Debug|Any CPU.ActiveCfg = Debug|Any CPU
		{E9A4C1B7-9DCB-453F-A7B0-340CAC148536}.Debug|Any CPU.Build.0 = Debug|Any CPU
		{E9A4C1B7-9DCB-453F-A7B0-340CAC148536}.Release|Any CPU.ActiveCfg = Release|Any CPU
		{E9A4C1B7-9DCB-453F-A7B0-340CAC148536}.Release|Any CPU.Build.0 = Release|Any CPU
		{852AB9AF-0F72-49B8-8745-85A002B7FFBC}.Debug|Any CPU.ActiveCfg = Debug|Any CPU
		{852AB9AF-0F72-49B8-8745-85A002B7FFBC}.Debug|Any CPU.Build.0 = Debug|Any CPU
		{852AB9AF-0F72-49B8-8745-85A002B7FFBC}.Release|Any CPU.ActiveCfg = Release|Any CPU
		{852AB9AF-0F72-49B8-8745-85A002B7FFBC}.Release|Any CPU.Build.0 = Release|Any CPU
		{107E119E-4CF3-46F3-83D7-3F3B3CD57562}.Debug|Any CPU.ActiveCfg = Debug|Any CPU
		{107E119E-4CF3-46F3-83D7-3F3B3CD57562}.Debug|Any CPU.Build.0 = Debug|Any CPU
		{107E119E-4CF3-46F3-83D7-3F3B3CD57562}.Release|Any CPU.ActiveCfg = Release|Any CPU
		{107E119E-4CF3-46F3-83D7-3F3B3CD57562}.Release|Any CPU.Build.0 = Release|Any CPU
		{59778440-AA6D-4D6A-A1CA-1F907CCFA3FC}.Debug|Any CPU.ActiveCfg = Debug|Any CPU
		{59778440-AA6D-4D6A-A1CA-1F907CCFA3FC}.Debug|Any CPU.Build.0 = Debug|Any CPU
		{59778440-AA6D-4D6A-A1CA-1F907CCFA3FC}.Release|Any CPU.ActiveCfg = Release|Any CPU
		{59778440-AA6D-4D6A-A1CA-1F907CCFA3FC}.Release|Any CPU.Build.0 = Release|Any CPU
		{8429F0E4-270B-4FED-AB9B-422CF62E6AAC}.Debug|Any CPU.ActiveCfg = Debug|Any CPU
		{8429F0E4-270B-4FED-AB9B-422CF62E6AAC}.Debug|Any CPU.Build.0 = Debug|Any CPU
		{8429F0E4-270B-4FED-AB9B-422CF62E6AAC}.Release|Any CPU.ActiveCfg = Release|Any CPU
		{8429F0E4-270B-4FED-AB9B-422CF62E6AAC}.Release|Any CPU.Build.0 = Release|Any CPU
		{B66EEFBA-DFF9-4047-9E7F-B86BC7D26B71}.Debug|Any CPU.ActiveCfg = Debug|Any CPU
		{B66EEFBA-DFF9-4047-9E7F-B86BC7D26B71}.Debug|Any CPU.Build.0 = Debug|Any CPU
		{B66EEFBA-DFF9-4047-9E7F-B86BC7D26B71}.Release|Any CPU.ActiveCfg = Release|Any CPU
		{B66EEFBA-DFF9-4047-9E7F-B86BC7D26B71}.Release|Any CPU.Build.0 = Release|Any CPU
	EndGlobalSection
	GlobalSection(SolutionProperties) = preSolution
		HideSolutionNode = FALSE
	EndGlobalSection
	GlobalSection(ExtensibilityGlobals) = postSolution
		SolutionGuid = {47949EE3-FAAA-464C-9E74-AA05C7F89DC5}
	EndGlobalSection
EndGlobal
