
Microsoft Visual Studio Solution File, Format Version 12.00
# Visual Studio Version 17
VisualStudioVersion = 17.0.31912.275
MinimumVisualStudioVersion = 10.0.40219.1
Project("{9A19103F-16F7-4668-BE54-9A1E7A4F7556}") = "BaoApi", "BaoApi.csproj", "{EC0D71CA-68D6-4573-907A-B8AC5E024C4F}"
EndProject
Project("{9A19103F-16F7-4668-BE54-9A1E7A4F7556}") = "BaseApi", "..\Base\BaseApi\BaseApi.csproj", "{339DA62D-5CEF-4229-8F74-B7F3D1B637B3}"
EndProject
Project("{9A19103F-16F7-4668-BE54-9A1E7A4F7556}") = "Base", "..\Base\Base\Base.csproj", "{E96764FF-C140-47FB-960D-9FB5ABA8DCF6}"
EndProject
Project("{9A19103F-16F7-4668-BE54-9A1E7A4F7556}") = "BaoLib", "..\BaoLib\BaoLib.csproj", "{C0709514-C931-4BDD-B793-1B6AFD4E095D}"
EndProject
Project("{9A19103F-16F7-4668-BE54-9A1E7A4F7556}") = "BaseWeb", "..\Base\BaseWeb\BaseWeb.csproj", "{4C679C0F-BFB2-4911-BE74-1A626A9C1258}"
EndProject
Project("{9A19103F-16F7-4668-BE54-9A1E7A4F7556}") = "BaoAdm", "..\BaoAdm\BaoAdm.csproj", "{653E8F17-D54E-4F1E-A4E9-B31475B08E48}"
EndProject
Project("{9A19103F-16F7-4668-BE54-9A1E7A4F7556}") = "BaoCust", "..\BaoCust\BaoCust.csproj", "{1A699D1C-BAC3-46D1-962D-9C1447FD1AE9}"
EndProject
Project("{9A19103F-16F7-4668-BE54-9A1E7A4F7556}") = "BaoCron", "..\BaoCron\BaoCron.csproj", "{C4E09EF8-14AD-4B38-915F-3BD85ECEEEDF}"
EndProject
Project("{9A19103F-16F7-4668-BE54-9A1E7A4F7556}") = "DbAdm", "..\DbAdm\DbAdm.csproj", "{F5ADD99B-EB5B-425B-8618-EE620157CDC3}"
EndProject
Global
	GlobalSection(SolutionConfigurationPlatforms) = preSolution
		Debug|Any CPU = Debug|Any CPU
		Release|Any CPU = Release|Any CPU
	EndGlobalSection
	GlobalSection(ProjectConfigurationPlatforms) = postSolution
		{EC0D71CA-68D6-4573-907A-B8AC5E024C4F}.Debug|Any CPU.ActiveCfg = Debug|Any CPU
		{EC0D71CA-68D6-4573-907A-B8AC5E024C4F}.Debug|Any CPU.Build.0 = Debug|Any CPU
		{EC0D71CA-68D6-4573-907A-B8AC5E024C4F}.Release|Any CPU.ActiveCfg = Release|Any CPU
		{EC0D71CA-68D6-4573-907A-B8AC5E024C4F}.Release|Any CPU.Build.0 = Release|Any CPU
		{339DA62D-5CEF-4229-8F74-B7F3D1B637B3}.Debug|Any CPU.ActiveCfg = Debug|Any CPU
		{339DA62D-5CEF-4229-8F74-B7F3D1B637B3}.Debug|Any CPU.Build.0 = Debug|Any CPU
		{339DA62D-5CEF-4229-8F74-B7F3D1B637B3}.Release|Any CPU.ActiveCfg = Release|Any CPU
		{339DA62D-5CEF-4229-8F74-B7F3D1B637B3}.Release|Any CPU.Build.0 = Release|Any CPU
		{E96764FF-C140-47FB-960D-9FB5ABA8DCF6}.Debug|Any CPU.ActiveCfg = Debug|Any CPU
		{E96764FF-C140-47FB-960D-9FB5ABA8DCF6}.Debug|Any CPU.Build.0 = Debug|Any CPU
		{E96764FF-C140-47FB-960D-9FB5ABA8DCF6}.Release|Any CPU.ActiveCfg = Release|Any CPU
		{E96764FF-C140-47FB-960D-9FB5ABA8DCF6}.Release|Any CPU.Build.0 = Release|Any CPU
		{C0709514-C931-4BDD-B793-1B6AFD4E095D}.Debug|Any CPU.ActiveCfg = Debug|Any CPU
		{C0709514-C931-4BDD-B793-1B6AFD4E095D}.Debug|Any CPU.Build.0 = Debug|Any CPU
		{C0709514-C931-4BDD-B793-1B6AFD4E095D}.Release|Any CPU.ActiveCfg = Release|Any CPU
		{C0709514-C931-4BDD-B793-1B6AFD4E095D}.Release|Any CPU.Build.0 = Release|Any CPU
		{4C679C0F-BFB2-4911-BE74-1A626A9C1258}.Debug|Any CPU.ActiveCfg = Debug|Any CPU
		{4C679C0F-BFB2-4911-BE74-1A626A9C1258}.Debug|Any CPU.Build.0 = Debug|Any CPU
		{4C679C0F-BFB2-4911-BE74-1A626A9C1258}.Release|Any CPU.ActiveCfg = Release|Any CPU
		{4C679C0F-BFB2-4911-BE74-1A626A9C1258}.Release|Any CPU.Build.0 = Release|Any CPU
		{653E8F17-D54E-4F1E-A4E9-B31475B08E48}.Debug|Any CPU.ActiveCfg = Debug|Any CPU
		{653E8F17-D54E-4F1E-A4E9-B31475B08E48}.Debug|Any CPU.Build.0 = Debug|Any CPU
		{653E8F17-D54E-4F1E-A4E9-B31475B08E48}.Release|Any CPU.ActiveCfg = Release|Any CPU
		{653E8F17-D54E-4F1E-A4E9-B31475B08E48}.Release|Any CPU.Build.0 = Release|Any CPU
		{1A699D1C-BAC3-46D1-962D-9C1447FD1AE9}.Debug|Any CPU.ActiveCfg = Debug|Any CPU
		{1A699D1C-BAC3-46D1-962D-9C1447FD1AE9}.Debug|Any CPU.Build.0 = Debug|Any CPU
		{1A699D1C-BAC3-46D1-962D-9C1447FD1AE9}.Release|Any CPU.ActiveCfg = Release|Any CPU
		{1A699D1C-BAC3-46D1-962D-9C1447FD1AE9}.Release|Any CPU.Build.0 = Release|Any CPU
		{C4E09EF8-14AD-4B38-915F-3BD85ECEEEDF}.Debug|Any CPU.ActiveCfg = Debug|Any CPU
		{C4E09EF8-14AD-4B38-915F-3BD85ECEEEDF}.Debug|Any CPU.Build.0 = Debug|Any CPU
		{C4E09EF8-14AD-4B38-915F-3BD85ECEEEDF}.Release|Any CPU.ActiveCfg = Release|Any CPU
		{C4E09EF8-14AD-4B38-915F-3BD85ECEEEDF}.Release|Any CPU.Build.0 = Release|Any CPU
		{F5ADD99B-EB5B-425B-8618-EE620157CDC3}.Debug|Any CPU.ActiveCfg = Debug|Any CPU
		{F5ADD99B-EB5B-425B-8618-EE620157CDC3}.Debug|Any CPU.Build.0 = Debug|Any CPU
		{F5ADD99B-EB5B-425B-8618-EE620157CDC3}.Release|Any CPU.ActiveCfg = Release|Any CPU
		{F5ADD99B-EB5B-425B-8618-EE620157CDC3}.Release|Any CPU.Build.0 = Release|Any CPU
	EndGlobalSection
	GlobalSection(SolutionProperties) = preSolution
		HideSolutionNode = FALSE
	EndGlobalSection
	GlobalSection(ExtensibilityGlobals) = postSolution
		SolutionGuid = {A66A0CCF-BF09-4AC3-B874-25708A8F9CA5}
	EndGlobalSection
EndGlobal
