
Microsoft Visual Studio Solution File, Format Version 12.00
# Visual Studio Version 16
VisualStudioVersion = 16.0.31624.102
MinimumVisualStudioVersion = 10.0.40219.1
Project("{9A19103F-16F7-4668-BE54-9A1E7A4F7556}") = "BaoApi", "BaoApi.csproj", "{EC0D71CA-68D6-4573-907A-B8AC5E024C4F}"
EndProject
Project("{9A19103F-16F7-4668-BE54-9A1E7A4F7556}") = "Base", "..\Base\Base\Base.csproj", "{5B5C03DD-1E94-4A53-A13D-68076B935837}"
EndProject
Project("{9A19103F-16F7-4668-BE54-9A1E7A4F7556}") = "BaseWeb", "..\Base\BaseWeb\BaseWeb.csproj", "{64D8DB9C-DF70-47E9-808E-B80C452C5F28}"
EndProject
Global
	GlobalSection(SolutionConfigurationPlatforms) = preSolution
		Debug|Any CPU = Debug|Any CPU
		Release|Any CPU = Release|Any CPU
	EndGlobalSection
	GlobalSection(ProjectConfigurationPlatforms) = postSolution
		{EC0D71CA-68D6-4573-907A-B8AC5E024C4F}.Debug|Any CPU.ActiveCfg = Debug|Any CPU
		{EC0D71CA-68D6-4573-907A-B8AC5E024C4F}.Debug|Any CPU.Build.0 = Debug|Any CPU
		{EC0D71CA-68D6-4573-907A-B8AC5E024C4F}.Release|Any CPU.ActiveCfg = Release|Any CPU
		{EC0D71CA-68D6-4573-907A-B8AC5E024C4F}.Release|Any CPU.Build.0 = Release|Any CPU
		{5B5C03DD-1E94-4A53-A13D-68076B935837}.Debug|Any CPU.ActiveCfg = Debug|Any CPU
		{5B5C03DD-1E94-4A53-A13D-68076B935837}.Debug|Any CPU.Build.0 = Debug|Any CPU
		{5B5C03DD-1E94-4A53-A13D-68076B935837}.Release|Any CPU.ActiveCfg = Release|Any CPU
		{5B5C03DD-1E94-4A53-A13D-68076B935837}.Release|Any CPU.Build.0 = Release|Any CPU
		{64D8DB9C-DF70-47E9-808E-B80C452C5F28}.Debug|Any CPU.ActiveCfg = Debug|Any CPU
		{64D8DB9C-DF70-47E9-808E-B80C452C5F28}.Debug|Any CPU.Build.0 = Debug|Any CPU
		{64D8DB9C-DF70-47E9-808E-B80C452C5F28}.Release|Any CPU.ActiveCfg = Release|Any CPU
		{64D8DB9C-DF70-47E9-808E-B80C452C5F28}.Release|Any CPU.Build.0 = Release|Any CPU
	EndGlobalSection
	GlobalSection(SolutionProperties) = preSolution
		HideSolutionNode = FALSE
	EndGlobalSection
	GlobalSection(ExtensibilityGlobals) = postSolution
		SolutionGuid = {A66A0CCF-BF09-4AC3-B874-25708A8F9CA5}
	EndGlobalSection
EndGlobal
